
Microsoft Visual Studio Solution File, Format Version 12.00
# Visual Studio Version 17
VisualStudioVersion = 17.12.35309.182
MinimumVisualStudioVersion = 10.0.40219.1
Project("{FAE04EC0-301F-11D3-BF4B-00C04F79EFBC}") = "AM.ApplicationCore", "AM.ApplicationCore\AM.ApplicationCore.csproj", "{E4E5165C-EFA8-4E4D-9F9D-922D48FBCFB0}"
EndProject
Project("{FAE04EC0-301F-11D3-BF4B-00C04F79EFBC}") = "AM.UI.Console", "AM.UI.Console\AM.UI.Console.csproj", "{9A3800FE-7E29-4635-9904-874DB1A0B27F}"
EndProject
Project("{FAE04EC0-301F-11D3-BF4B-00C04F79EFBC}") = "AM.Infrastructure", "AM.Infrastructure\AM.Infrastructure.csproj", "{495DBDEB-18D8-47C0-9431-FD51910D1737}"
EndProject
Global
	GlobalSection(SolutionConfigurationPlatforms) = preSolution
		Debug|Any CPU = Debug|Any CPU
		Release|Any CPU = Release|Any CPU
	EndGlobalSection
	GlobalSection(ProjectConfigurationPlatforms) = postSolution
		{E4E5165C-EFA8-4E4D-9F9D-922D48FBCFB0}.Debug|Any CPU.ActiveCfg = Debug|Any CPU
		{E4E5165C-EFA8-4E4D-9F9D-922D48FBCFB0}.Debug|Any CPU.Build.0 = Debug|Any CPU
		{E4E5165C-EFA8-4E4D-9F9D-922D48FBCFB0}.Release|Any CPU.ActiveCfg = Release|Any CPU
		{E4E5165C-EFA8-4E4D-9F9D-922D48FBCFB0}.Release|Any CPU.Build.0 = Release|Any CPU
		{9A3800FE-7E29-4635-9904-874DB1A0B27F}.Debug|Any CPU.ActiveCfg = Debug|Any CPU
		{9A3800FE-7E29-4635-9904-874DB1A0B27F}.Debug|Any CPU.Build.0 = Debug|Any CPU
		{9A3800FE-7E29-4635-9904-874DB1A0B27F}.Release|Any CPU.ActiveCfg = Release|Any CPU
		{9A3800FE-7E29-4635-9904-874DB1A0B27F}.Release|Any CPU.Build.0 = Release|Any CPU
		{495DBDEB-18D8-47C0-9431-FD51910D1737}.Debug|Any CPU.ActiveCfg = Debug|Any CPU
		{495DBDEB-18D8-47C0-9431-FD51910D1737}.Debug|Any CPU.Build.0 = Debug|Any CPU
		{495DBDEB-18D8-47C0-9431-FD51910D1737}.Release|Any CPU.ActiveCfg = Release|Any CPU
		{495DBDEB-18D8-47C0-9431-FD51910D1737}.Release|Any CPU.Build.0 = Release|Any CPU
	EndGlobalSection
	GlobalSection(SolutionProperties) = preSolution
		HideSolutionNode = FALSE
	EndGlobalSection
	GlobalSection(ExtensibilityGlobals) = postSolution
		SolutionGuid = {C39E2826-4666-48F7-B9C8-179CBEDBF55C}
	EndGlobalSection
EndGlobal
